
Microsoft Visual Studio Solution File, Format Version 12.00
# Visual Studio Version 17
VisualStudioVersion = 17.0.31903.59
MinimumVisualStudioVersion = 10.0.40219.1
Project("{FAE04EC0-301F-11D3-BF4B-00C04F79EFBC}") = "Falcon.Core", "src\Falcon.Core\Falcon.Core.csproj", "{7EF14B99-BFF1-4820-B975-D1F29E14C0AE}"
EndProject
Project("{FAE04EC0-301F-11D3-BF4B-00C04F79EFBC}") = "Falcon.Infrastructure", "src\Falcon.Infrastructure\Falcon.Infrastructure.csproj", "{85F5071C-414D-4F7A-8C3B-BB2B62F209FA}"
EndProject
Project("{FAE04EC0-301F-11D3-BF4B-00C04F79EFBC}") = "Falcon.Api", "src\Falcon.Api\Falcon.Api.csproj", "{82F4C6BA-8ED2-4254-AE00-D19873E8E57A}"
EndProject
Project("{FAE04EC0-301F-11D3-BF4B-00C04F79EFBC}") = "Falcon.Worker", "src\Falcon.Worker\Falcon.Worker.csproj", "{AE6D9F12-6D88-4E50-B567-F05C32B7D3F4}"
EndProject
Project("{2150E333-8FDC-42A3-9474-1A3956D46DE8}") = "tests", "tests", "{0AB3BF05-4346-4AA6-1389-037BE0695223}"
EndProject
Project("{FAE04EC0-301F-11D3-BF4B-00C04F79EFBC}") = "Falcon.Core.Tests", "tests\Falcon.Core.Tests\Falcon.Core.Tests.csproj", "{031E5828-4C54-41A7-815A-F09340B95812}"
EndProject
Project("{2150E333-8FDC-42A3-9474-1A3956D46DE8}") = "src", "src", "{827E0CD3-B72D-47B6-A68D-7590B98EB39B}"
EndProject
Project("{FAE04EC0-301F-11D3-BF4B-00C04F79EFBC}") = "Falcon.Api.IntegrationTests", "tests\Falcon.Api.IntegrationTests\Falcon.Api.IntegrationTests.csproj", "{52A0B1B7-6686-4CB0-969D-F30CD62F0F2F}"
EndProject
Global
	GlobalSection(SolutionConfigurationPlatforms) = preSolution
		Debug|Any CPU = Debug|Any CPU
		Debug|x64 = Debug|x64
		Debug|x86 = Debug|x86
		Release|Any CPU = Release|Any CPU
		Release|x64 = Release|x64
		Release|x86 = Release|x86
	EndGlobalSection
	GlobalSection(ProjectConfigurationPlatforms) = postSolution
		{7EF14B99-BFF1-4820-B975-D1F29E14C0AE}.Debug|Any CPU.ActiveCfg = Debug|Any CPU
		{7EF14B99-BFF1-4820-B975-D1F29E14C0AE}.Debug|Any CPU.Build.0 = Debug|Any CPU
		{7EF14B99-BFF1-4820-B975-D1F29E14C0AE}.Debug|x64.ActiveCfg = Debug|Any CPU
		{7EF14B99-BFF1-4820-B975-D1F29E14C0AE}.Debug|x64.Build.0 = Debug|Any CPU
		{7EF14B99-BFF1-4820-B975-D1F29E14C0AE}.Debug|x86.ActiveCfg = Debug|Any CPU
		{7EF14B99-BFF1-4820-B975-D1F29E14C0AE}.Debug|x86.Build.0 = Debug|Any CPU
		{7EF14B99-BFF1-4820-B975-D1F29E14C0AE}.Release|Any CPU.ActiveCfg = Release|Any CPU
		{7EF14B99-BFF1-4820-B975-D1F29E14C0AE}.Release|Any CPU.Build.0 = Release|Any CPU
		{7EF14B99-BFF1-4820-B975-D1F29E14C0AE}.Release|x64.ActiveCfg = Release|Any CPU
		{7EF14B99-BFF1-4820-B975-D1F29E14C0AE}.Release|x64.Build.0 = Release|Any CPU
		{7EF14B99-BFF1-4820-B975-D1F29E14C0AE}.Release|x86.ActiveCfg = Release|Any CPU
		{7EF14B99-BFF1-4820-B975-D1F29E14C0AE}.Release|x86.Build.0 = Release|Any CPU
		{85F5071C-414D-4F7A-8C3B-BB2B62F209FA}.Debug|Any CPU.ActiveCfg = Debug|Any CPU
		{85F5071C-414D-4F7A-8C3B-BB2B62F209FA}.Debug|Any CPU.Build.0 = Debug|Any CPU
		{85F5071C-414D-4F7A-8C3B-BB2B62F209FA}.Debug|x64.ActiveCfg = Debug|Any CPU
		{85F5071C-414D-4F7A-8C3B-BB2B62F209FA}.Debug|x64.Build.0 = Debug|Any CPU
		{85F5071C-414D-4F7A-8C3B-BB2B62F209FA}.Debug|x86.ActiveCfg = Debug|Any CPU
		{85F5071C-414D-4F7A-8C3B-BB2B62F209FA}.Debug|x86.Build.0 = Debug|Any CPU
		{85F5071C-414D-4F7A-8C3B-BB2B62F209FA}.Release|Any CPU.ActiveCfg = Release|Any CPU
		{85F5071C-414D-4F7A-8C3B-BB2B62F209FA}.Release|Any CPU.Build.0 = Release|Any CPU
		{85F5071C-414D-4F7A-8C3B-BB2B62F209FA}.Release|x64.ActiveCfg = Release|Any CPU
		{85F5071C-414D-4F7A-8C3B-BB2B62F209FA}.Release|x64.Build.0 = Release|Any CPU
		{85F5071C-414D-4F7A-8C3B-BB2B62F209FA}.Release|x86.ActiveCfg = Release|Any CPU
		{85F5071C-414D-4F7A-8C3B-BB2B62F209FA}.Release|x86.Build.0 = Release|Any CPU
		{82F4C6BA-8ED2-4254-AE00-D19873E8E57A}.Debug|Any CPU.ActiveCfg = Debug|Any CPU
		{82F4C6BA-8ED2-4254-AE00-D19873E8E57A}.Debug|Any CPU.Build.0 = Debug|Any CPU
		{82F4C6BA-8ED2-4254-AE00-D19873E8E57A}.Debug|x64.ActiveCfg = Debug|Any CPU
		{82F4C6BA-8ED2-4254-AE00-D19873E8E57A}.Debug|x64.Build.0 = Debug|Any CPU
		{82F4C6BA-8ED2-4254-AE00-D19873E8E57A}.Debug|x86.ActiveCfg = Debug|Any CPU
		{82F4C6BA-8ED2-4254-AE00-D19873E8E57A}.Debug|x86.Build.0 = Debug|Any CPU
		{82F4C6BA-8ED2-4254-AE00-D19873E8E57A}.Release|Any CPU.ActiveCfg = Release|Any CPU
		{82F4C6BA-8ED2-4254-AE00-D19873E8E57A}.Release|Any CPU.Build.0 = Release|Any CPU
		{82F4C6BA-8ED2-4254-AE00-D19873E8E57A}.Release|x64.ActiveCfg = Release|Any CPU
		{82F4C6BA-8ED2-4254-AE00-D19873E8E57A}.Release|x64.Build.0 = Release|Any CPU
		{82F4C6BA-8ED2-4254-AE00-D19873E8E57A}.Release|x86.ActiveCfg = Release|Any CPU
		{82F4C6BA-8ED2-4254-AE00-D19873E8E57A}.Release|x86.Build.0 = Release|Any CPU
		{AE6D9F12-6D88-4E50-B567-F05C32B7D3F4}.Debug|Any CPU.ActiveCfg = Debug|Any CPU
		{AE6D9F12-6D88-4E50-B567-F05C32B7D3F4}.Debug|Any CPU.Build.0 = Debug|Any CPU
		{AE6D9F12-6D88-4E50-B567-F05C32B7D3F4}.Debug|x64.ActiveCfg = Debug|Any CPU
		{AE6D9F12-6D88-4E50-B567-F05C32B7D3F4}.Debug|x64.Build.0 = Debug|Any CPU
		{AE6D9F12-6D88-4E50-B567-F05C32B7D3F4}.Debug|x86.ActiveCfg = Debug|Any CPU
		{AE6D9F12-6D88-4E50-B567-F05C32B7D3F4}.Debug|x86.Build.0 = Debug|Any CPU
		{AE6D9F12-6D88-4E50-B567-F05C32B7D3F4}.Release|Any CPU.ActiveCfg = Release|Any CPU
		{AE6D9F12-6D88-4E50-B567-F05C32B7D3F4}.Release|Any CPU.Build.0 = Release|Any CPU
		{AE6D9F12-6D88-4E50-B567-F05C32B7D3F4}.Release|x64.ActiveCfg = Release|Any CPU
		{AE6D9F12-6D88-4E50-B567-F05C32B7D3F4}.Release|x64.Build.0 = Release|Any CPU
		{AE6D9F12-6D88-4E50-B567-F05C32B7D3F4}.Release|x86.ActiveCfg = Release|Any CPU
		{AE6D9F12-6D88-4E50-B567-F05C32B7D3F4}.Release|x86.Build.0 = Release|Any CPU
		{031E5828-4C54-41A7-815A-F09340B95812}.Debug|Any CPU.ActiveCfg = Debug|Any CPU
		{031E5828-4C54-41A7-815A-F09340B95812}.Debug|Any CPU.Build.0 = Debug|Any CPU
		{031E5828-4C54-41A7-815A-F09340B95812}.Debug|x64.ActiveCfg = Debug|Any CPU
		{031E5828-4C54-41A7-815A-F09340B95812}.Debug|x64.Build.0 = Debug|Any CPU
		{031E5828-4C54-41A7-815A-F09340B95812}.Debug|x86.ActiveCfg = Debug|Any CPU
		{031E5828-4C54-41A7-815A-F09340B95812}.Debug|x86.Build.0 = Debug|Any CPU
		{031E5828-4C54-41A7-815A-F09340B95812}.Release|Any CPU.ActiveCfg = Release|Any CPU
		{031E5828-4C54-41A7-815A-F09340B95812}.Release|Any CPU.Build.0 = Release|Any CPU
		{031E5828-4C54-41A7-815A-F09340B95812}.Release|x64.ActiveCfg = Release|Any CPU
		{031E5828-4C54-41A7-815A-F09340B95812}.Release|x64.Build.0 = Release|Any CPU
		{031E5828-4C54-41A7-815A-F09340B95812}.Release|x86.ActiveCfg = Release|Any CPU
		{031E5828-4C54-41A7-815A-F09340B95812}.Release|x86.Build.0 = Release|Any CPU
		{52A0B1B7-6686-4CB0-969D-F30CD62F0F2F}.Debug|Any CPU.ActiveCfg = Debug|Any CPU
		{52A0B1B7-6686-4CB0-969D-F30CD62F0F2F}.Debug|Any CPU.Build.0 = Debug|Any CPU
		{52A0B1B7-6686-4CB0-969D-F30CD62F0F2F}.Debug|x64.ActiveCfg = Debug|Any CPU
		{52A0B1B7-6686-4CB0-969D-F30CD62F0F2F}.Debug|x64.Build.0 = Debug|Any CPU
		{52A0B1B7-6686-4CB0-969D-F30CD62F0F2F}.Debug|x86.ActiveCfg = Debug|Any CPU
		{52A0B1B7-6686-4CB0-969D-F30CD62F0F2F}.Debug|x86.Build.0 = Debug|Any CPU
		{52A0B1B7-6686-4CB0-969D-F30CD62F0F2F}.Release|Any CPU.ActiveCfg = Release|Any CPU
		{52A0B1B7-6686-4CB0-969D-F30CD62F0F2F}.Release|Any CPU.Build.0 = Release|Any CPU
		{52A0B1B7-6686-4CB0-969D-F30CD62F0F2F}.Release|x64.ActiveCfg = Release|Any CPU
		{52A0B1B7-6686-4CB0-969D-F30CD62F0F2F}.Release|x64.Build.0 = Release|Any CPU
		{52A0B1B7-6686-4CB0-969D-F30CD62F0F2F}.Release|x86.ActiveCfg = Release|Any CPU
		{52A0B1B7-6686-4CB0-969D-F30CD62F0F2F}.Release|x86.Build.0 = Release|Any CPU
	EndGlobalSection
	GlobalSection(SolutionProperties) = preSolution
		HideSolutionNode = FALSE
	EndGlobalSection
	GlobalSection(NestedProjects) = preSolution
		{031E5828-4C54-41A7-815A-F09340B95812} = {0AB3BF05-4346-4AA6-1389-037BE0695223}
		{52A0B1B7-6686-4CB0-969D-F30CD62F0F2F} = {0AB3BF05-4346-4AA6-1389-037BE0695223}
	EndGlobalSection
EndGlobal
